// !$*UTF8*$!
{
	archiveVersion = 1;
	classes = {
	};
	objectVersion = 48;
	objects = {

/* Begin PBXBuildFile section */
		10A671E21FAB67120056CEC9 /* AppDelegate.swift in Sources */ = {isa = PBXBuildFile; fileRef = 10A671E11FAB67120056CEC9 /* AppDelegate.swift */; };
		10A671E41FAB67120056CEC9 /* ViewController.swift in Sources */ = {isa = PBXBuildFile; fileRef = 10A671E31FAB67120056CEC9 /* ViewController.swift */; };
		10A671E71FAB67120056CEC9 /* Main.storyboard in Resources */ = {isa = PBXBuildFile; fileRef = 10A671E51FAB67120056CEC9 /* Main.storyboard */; };
		10A671E91FAB67120056CEC9 /* Assets.xcassets in Resources */ = {isa = PBXBuildFile; fileRef = 10A671E81FAB67120056CEC9 /* Assets.xcassets */; };
		10A671EC1FAB67120056CEC9 /* LaunchScreen.storyboard in Resources */ = {isa = PBXBuildFile; fileRef = 10A671EA1FAB67120056CEC9 /* LaunchScreen.storyboard */; };
		10A671F71FAB67120056CEC9 /* TipsterTests.swift in Sources */ = {isa = PBXBuildFile; fileRef = 10A671F61FAB67120056CEC9 /* TipsterTests.swift */; };
		10A672021FAB67120056CEC9 /* TipsterUITests.swift in Sources */ = {isa = PBXBuildFile; fileRef = 10A672011FAB67120056CEC9 /* TipsterUITests.swift */; };
/* End PBXBuildFile section */

/* Begin PBXContainerItemProxy section */
		10A671F31FAB67120056CEC9 /* PBXContainerItemProxy */ = {
			isa = PBXContainerItemProxy;
			containerPortal = 10A671D61FAB67120056CEC9 /* Project object */;
			proxyType = 1;
			remoteGlobalIDString = 10A671DD1FAB67120056CEC9;
			remoteInfo = Tipster;
		};
		10A671FE1FAB67120056CEC9 /* PBXContainerItemProxy */ = {
			isa = PBXContainerItemProxy;
			containerPortal = 10A671D61FAB67120056CEC9 /* Project object */;
			proxyType = 1;
			remoteGlobalIDString = 10A671DD1FAB67120056CEC9;
			remoteInfo = Tipster;
		};
/* End PBXContainerItemProxy section */

/* Begin PBXFileReference section */
		10A671DE1FAB67120056CEC9 /* Tipster.app */ = {isa = PBXFileReference; explicitFileType = wrapper.application; includeInIndex = 0; path = Tipster.app; sourceTree = BUILT_PRODUCTS_DIR; };
		10A671E11FAB67120056CEC9 /* AppDelegate.swift */ = {isa = PBXFileReference; lastKnownFileType = sourcecode.swift; path = AppDelegate.swift; sourceTree = "<group>"; };
		10A671E31FAB67120056CEC9 /* ViewController.swift */ = {isa = PBXFileReference; lastKnownFileType = sourcecode.swift; path = ViewController.swift; sourceTree = "<group>"; };
		10A671E61FAB67120056CEC9 /* Base */ = {isa = PBXFileReference; lastKnownFileType = file.storyboard; name = Base; path = Base.lproj/Main.storyboard; sourceTree = "<group>"; };
		10A671E81FAB67120056CEC9 /* Assets.xcassets */ = {isa = PBXFileReference; lastKnownFileType = folder.assetcatalog; path = Assets.xcassets; sourceTree = "<group>"; };
		10A671EB1FAB67120056CEC9 /* Base */ = {isa = PBXFileReference; lastKnownFileType = file.storyboard; name = Base; path = Base.lproj/LaunchScreen.storyboard; sourceTree = "<group>"; };
		10A671ED1FAB67120056CEC9 /* Info.plist */ = {isa = PBXFileReference; lastKnownFileType = text.plist.xml; path = Info.plist; sourceTree = "<group>"; };
		10A671F21FAB67120056CEC9 /* TipsterTests.xctest */ = {isa = PBXFileReference; explicitFileType = wrapper.cfbundle; includeInIndex = 0; path = TipsterTests.xctest; sourceTree = BUILT_PRODUCTS_DIR; };
		10A671F61FAB67120056CEC9 /* TipsterTests.swift */ = {isa = PBXFileReference; lastKnownFileType = sourcecode.swift; path = TipsterTests.swift; sourceTree = "<group>"; };
		10A671F81FAB67120056CEC9 /* Info.plist */ = {isa = PBXFileReference; lastKnownFileType = text.plist.xml; path = Info.plist; sourceTree = "<group>"; };
		10A671FD1FAB67120056CEC9 /* TipsterUITests.xctest */ = {isa = PBXFileReference; explicitFileType = wrapper.cfbundle; includeInIndex = 0; path = TipsterUITests.xctest; sourceTree = BUILT_PRODUCTS_DIR; };
		10A672011FAB67120056CEC9 /* TipsterUITests.swift */ = {isa = PBXFileReference; lastKnownFileType = sourcecode.swift; path = TipsterUITests.swift; sourceTree = "<group>"; };
		10A672031FAB67120056CEC9 /* Info.plist */ = {isa = PBXFileReference; lastKnownFileType = text.plist.xml; path = Info.plist; sourceTree = "<group>"; };
/* End PBXFileReference section */

/* Begin PBXFrameworksBuildPhase section */
		10A671DB1FAB67120056CEC9 /* Frameworks */ = {
			isa = PBXFrameworksBuildPhase;
			buildActionMask = 2147483647;
			files = (
			);
			runOnlyForDeploymentPostprocessing = 0;
		};
		10A671EF1FAB67120056CEC9 /* Frameworks */ = {
			isa = PBXFrameworksBuildPhase;
			buildActionMask = 2147483647;
			files = (
			);
			runOnlyForDeploymentPostprocessing = 0;
		};
		10A671FA1FAB67120056CEC9 /* Frameworks */ = {
			isa = PBXFrameworksBuildPhase;
			buildActionMask = 2147483647;
			files = (
			);
			runOnlyForDeploymentPostprocessing = 0;
		};
/* End PBXFrameworksBuildPhase section */

/* Begin PBXGroup section */
		10A671D51FAB67120056CEC9 = {
			isa = PBXGroup;
			children = (
				10A671E01FAB67120056CEC9 /* Tipster */,
				10A671F51FAB67120056CEC9 /* TipsterTests */,
				10A672001FAB67120056CEC9 /* TipsterUITests */,
				10A671DF1FAB67120056CEC9 /* Products */,
			);
			sourceTree = "<group>";
		};
		10A671DF1FAB67120056CEC9 /* Products */ = {
			isa = PBXGroup;
			children = (
				10A671DE1FAB67120056CEC9 /* Tipster.app */,
				10A671F21FAB67120056CEC9 /* TipsterTests.xctest */,
				10A671FD1FAB67120056CEC9 /* TipsterUITests.xctest */,
			);
			name = Products;
			sourceTree = "<group>";
		};
		10A671E01FAB67120056CEC9 /* Tipster */ = {
			isa = PBXGroup;
			children = (
				10A671E11FAB67120056CEC9 /* AppDelegate.swift */,
				10A671E31FAB67120056CEC9 /* ViewController.swift */,
				10A671E51FAB67120056CEC9 /* Main.storyboard */,
				10A671E81FAB67120056CEC9 /* Assets.xcassets */,
				10A671EA1FAB67120056CEC9 /* LaunchScreen.storyboard */,
				10A671ED1FAB67120056CEC9 /* Info.plist */,
			);
			path = Tipster;
			sourceTree = "<group>";
		};
		10A671F51FAB67120056CEC9 /* TipsterTests */ = {
			isa = PBXGroup;
			children = (
				10A671F61FAB67120056CEC9 /* TipsterTests.swift */,
				10A671F81FAB67120056CEC9 /* Info.plist */,
			);
			path = TipsterTests;
			sourceTree = "<group>";
		};
		10A672001FAB67120056CEC9 /* TipsterUITests */ = {
			isa = PBXGroup;
			children = (
				10A672011FAB67120056CEC9 /* TipsterUITests.swift */,
				10A672031FAB67120056CEC9 /* Info.plist */,
			);
			path = TipsterUITests;
			sourceTree = "<group>";
		};
/* End PBXGroup section */

/* Begin PBXNativeTarget section */
		10A671DD1FAB67120056CEC9 /* Tipster */ = {
			isa = PBXNativeTarget;
			buildConfigurationList = 10A672061FAB67120056CEC9 /* Build configuration list for PBXNativeTarget "Tipster" */;
			buildPhases = (
				10A671DA1FAB67120056CEC9 /* Sources */,
				10A671DB1FAB67120056CEC9 /* Frameworks */,
				10A671DC1FAB67120056CEC9 /* Resources */,
			);
			buildRules = (
			);
			dependencies = (
			);
			name = Tipster;
			productName = Tipster;
			productReference = 10A671DE1FAB67120056CEC9 /* Tipster.app */;
			productType = "com.apple.product-type.application";
		};
		10A671F11FAB67120056CEC9 /* TipsterTests */ = {
			isa = PBXNativeTarget;
			buildConfigurationList = 10A672091FAB67120056CEC9 /* Build configuration list for PBXNativeTarget "TipsterTests" */;
			buildPhases = (
				10A671EE1FAB67120056CEC9 /* Sources */,
				10A671EF1FAB67120056CEC9 /* Frameworks */,
				10A671F01FAB67120056CEC9 /* Resources */,
			);
			buildRules = (
			);
			dependencies = (
				10A671F41FAB67120056CEC9 /* PBXTargetDependency */,
			);
			name = TipsterTests;
			productName = TipsterTests;
			productReference = 10A671F21FAB67120056CEC9 /* TipsterTests.xctest */;
			productType = "com.apple.product-type.bundle.unit-test";
		};
		10A671FC1FAB67120056CEC9 /* TipsterUITests */ = {
			isa = PBXNativeTarget;
			buildConfigurationList = 10A6720C1FAB67120056CEC9 /* Build configuration list for PBXNativeTarget "TipsterUITests" */;
			buildPhases = (
				10A671F91FAB67120056CEC9 /* Sources */,
				10A671FA1FAB67120056CEC9 /* Frameworks */,
				10A671FB1FAB67120056CEC9 /* Resources */,
			);
			buildRules = (
			);
			dependencies = (
				10A671FF1FAB67120056CEC9 /* PBXTargetDependency */,
			);
			name = TipsterUITests;
			productName = TipsterUITests;
			productReference = 10A671FD1FAB67120056CEC9 /* TipsterUITests.xctest */;
			productType = "com.apple.product-type.bundle.ui-testing";
		};
/* End PBXNativeTarget section */

/* Begin PBXProject section */
		10A671D61FAB67120056CEC9 /* Project object */ = {
			isa = PBXProject;
			attributes = {
				LastSwiftUpdateCheck = 0900;
				LastUpgradeCheck = 0900;
				ORGANIZATIONNAME = "Krystyna Swider";
				TargetAttributes = {
					10A671DD1FAB67120056CEC9 = {
						CreatedOnToolsVersion = 9.0.1;
						ProvisioningStyle = Automatic;
					};
					10A671F11FAB67120056CEC9 = {
						CreatedOnToolsVersion = 9.0.1;
						ProvisioningStyle = Automatic;
						TestTargetID = 10A671DD1FAB67120056CEC9;
					};
					10A671FC1FAB67120056CEC9 = {
						CreatedOnToolsVersion = 9.0.1;
						ProvisioningStyle = Automatic;
						TestTargetID = 10A671DD1FAB67120056CEC9;
					};
				};
			};
			buildConfigurationList = 10A671D91FAB67120056CEC9 /* Build configuration list for PBXProject "Tipster" */;
			compatibilityVersion = "Xcode 8.0";
			developmentRegion = en;
			hasScannedForEncodings = 0;
			knownRegions = (
				en,
				Base,
			);
			mainGroup = 10A671D51FAB67120056CEC9;
			productRefGroup = 10A671DF1FAB67120056CEC9 /* Products */;
			projectDirPath = "";
			projectRoot = "";
			targets = (
				10A671DD1FAB67120056CEC9 /* Tipster */,
				10A671F11FAB67120056CEC9 /* TipsterTests */,
				10A671FC1FAB67120056CEC9 /* TipsterUITests */,
			);
		};
/* End PBXProject section */

/* Begin PBXResourcesBuildPhase section */
		10A671DC1FAB67120056CEC9 /* Resources */ = {
			isa = PBXResourcesBuildPhase;
			buildActionMask = 2147483647;
			files = (
				10A671EC1FAB67120056CEC9 /* LaunchScreen.storyboard in Resources */,
				10A671E91FAB67120056CEC9 /* Assets.xcassets in Resources */,
				10A671E71FAB67120056CEC9 /* Main.storyboard in Resources */,
			);
			runOnlyForDeploymentPostprocessing = 0;
		};
		10A671F01FAB67120056CEC9 /* Resources */ = {
			isa = PBXResourcesBuildPhase;
			buildActionMask = 2147483647;
			files = (
			);
			runOnlyForDeploymentPostprocessing = 0;
		};
		10A671FB1FAB67120056CEC9 /* Resources */ = {
			isa = PBXResourcesBuildPhase;
			buildActionMask = 2147483647;
			files = (
			);
			runOnlyForDeploymentPostprocessing = 0;
		};
/* End PBXResourcesBuildPhase section */

/* Begin PBXSourcesBuildPhase section */
		10A671DA1FAB67120056CEC9 /* Sources */ = {
			isa = PBXSourcesBuildPhase;
			buildActionMask = 2147483647;
			files = (
				10A671E41FAB67120056CEC9 /* ViewController.swift in Sources */,
				10A671E21FAB67120056CEC9 /* AppDelegate.swift in Sources */,
			);
			runOnlyForDeploymentPostprocessing = 0;
		};
		10A671EE1FAB67120056CEC9 /* Sources */ = {
			isa = PBXSourcesBuildPhase;
			buildActionMask = 2147483647;
			files = (
				10A671F71FAB67120056CEC9 /* TipsterTests.swift in Sources */,
			);
			runOnlyForDeploymentPostprocessing = 0;
		};
		10A671F91FAB67120056CEC9 /* Sources */ = {
			isa = PBXSourcesBuildPhase;
			buildActionMask = 2147483647;
			files = (
				10A672021FAB67120056CEC9 /* TipsterUITests.swift in Sources */,
			);
			runOnlyForDeploymentPostprocessing = 0;
		};
/* End PBXSourcesBuildPhase section */

/* Begin PBXTargetDependency section */
		10A671F41FAB67120056CEC9 /* PBXTargetDependency */ = {
			isa = PBXTargetDependency;
			target = 10A671DD1FAB67120056CEC9 /* Tipster */;
			targetProxy = 10A671F31FAB67120056CEC9 /* PBXContainerItemProxy */;
		};
		10A671FF1FAB67120056CEC9 /* PBXTargetDependency */ = {
			isa = PBXTargetDependency;
			target = 10A671DD1FAB67120056CEC9 /* Tipster */;
			targetProxy = 10A671FE1FAB67120056CEC9 /* PBXContainerItemProxy */;
		};
/* End PBXTargetDependency section */

/* Begin PBXVariantGroup section */
		10A671E51FAB67120056CEC9 /* Main.storyboard */ = {
			isa = PBXVariantGroup;
			children = (
				10A671E61FAB67120056CEC9 /* Base */,
			);
			name = Main.storyboard;
			sourceTree = "<group>";
		};
		10A671EA1FAB67120056CEC9 /* LaunchScreen.storyboard */ = {
			isa = PBXVariantGroup;
			children = (
				10A671EB1FAB67120056CEC9 /* Base */,
			);
			name = LaunchScreen.storyboard;
			sourceTree = "<group>";
		};
/* End PBXVariantGroup section */

/* Begin XCBuildConfiguration section */
		10A672041FAB67120056CEC9 /* Debug */ = {
			isa = XCBuildConfiguration;
			buildSettings = {
				ALWAYS_SEARCH_USER_PATHS = NO;
				CLANG_ANALYZER_NONNULL = YES;
				CLANG_ANALYZER_NUMBER_OBJECT_CONVERSION = YES_AGGRESSIVE;
				CLANG_CXX_LANGUAGE_STANDARD = "gnu++14";
				CLANG_CXX_LIBRARY = "libc++";
				CLANG_ENABLE_MODULES = YES;
				CLANG_ENABLE_OBJC_ARC = YES;
				CLANG_WARN_BLOCK_CAPTURE_AUTORELEASING = YES;
				CLANG_WARN_BOOL_CONVERSION = YES;
				CLANG_WARN_COMMA = YES;
				CLANG_WARN_CONSTANT_CONVERSION = YES;
				CLANG_WARN_DIRECT_OBJC_ISA_USAGE = YES_ERROR;
				CLANG_WARN_DOCUMENTATION_COMMENTS = YES;
				CLANG_WARN_EMPTY_BODY = YES;
				CLANG_WARN_ENUM_CONVERSION = YES;
				CLANG_WARN_INFINITE_RECURSION = YES;
				CLANG_WARN_INT_CONVERSION = YES;
				CLANG_WARN_NON_LITERAL_NULL_CONVERSION = YES;
				CLANG_WARN_OBJC_LITERAL_CONVERSION = YES;
				CLANG_WARN_OBJC_ROOT_CLASS = YES_ERROR;
				CLANG_WARN_RANGE_LOOP_ANALYSIS = YES;
				CLANG_WARN_STRICT_PROTOTYPES = YES;
				CLANG_WARN_SUSPICIOUS_MOVE = YES;
				CLANG_WARN_UNGUARDED_AVAILABILITY = YES_AGGRESSIVE;
				CLANG_WARN_UNREACHABLE_CODE = YES;
				CLANG_WARN__DUPLICATE_METHOD_MATCH = YES;
				CODE_SIGN_IDENTITY = "iPhone Developer";
				COPY_PHASE_STRIP = NO;
				DEBUG_INFORMATION_FORMAT = dwarf;
				ENABLE_STRICT_OBJC_MSGSEND = YES;
				ENABLE_TESTABILITY = YES;
				GCC_C_LANGUAGE_STANDARD = gnu11;
				GCC_DYNAMIC_NO_PIC = NO;
				GCC_NO_COMMON_BLOCKS = YES;
				GCC_OPTIMIZATION_LEVEL = 0;
				GCC_PREPROCESSOR_DEFINITIONS = (
					"DEBUG=1",
					"$(inherited)",
				);
				GCC_WARN_64_TO_32_BIT_CONVERSION = YES;
				GCC_WARN_ABOUT_RETURN_TYPE = YES_ERROR;
				GCC_WARN_UNDECLARED_SELECTOR = YES;
				GCC_WARN_UNINITIALIZED_AUTOS = YES_AGGRESSIVE;
				GCC_WARN_UNUSED_FUNCTION = YES;
				GCC_WARN_UNUSED_VARIABLE = YES;
				IPHONEOS_DEPLOYMENT_TARGET = 11.0;
				MTL_ENABLE_DEBUG_INFO = YES;
				ONLY_ACTIVE_ARCH = YES;
				SDKROOT = iphoneos;
				SWIFT_ACTIVE_COMPILATION_CONDITIONS = DEBUG;
				SWIFT_OPTIMIZATION_LEVEL = "-Onone";
			};
			name = Debug;
		};
		10A672051FAB67120056CEC9 /* Release */ = {
			isa = XCBuildConfiguration;
			buildSettings = {
				ALWAYS_SEARCH_USER_PATHS = NO;
				CLANG_ANALYZER_NONNULL = YES;
				CLANG_ANALYZER_NUMBER_OBJECT_CONVERSION = YES_AGGRESSIVE;
				CLANG_CXX_LANGUAGE_STANDARD = "gnu++14";
				CLANG_CXX_LIBRARY = "libc++";
				CLANG_ENABLE_MODULES = YES;
				CLANG_ENABLE_OBJC_ARC = YES;
				CLANG_WARN_BLOCK_CAPTURE_AUTORELEASING = YES;
				CLANG_WARN_BOOL_CONVERSION = YES;
				CLANG_WARN_COMMA = YES;
				CLANG_WARN_CONSTANT_CONVERSION = YES;
				CLANG_WARN_DIRECT_OBJC_ISA_USAGE = YES_ERROR;
				CLANG_WARN_DOCUMENTATION_COMMENTS = YES;
				CLANG_WARN_EMPTY_BODY = YES;
				CLANG_WARN_ENUM_CONVERSION = YES;
				CLANG_WARN_INFINITE_RECURSION = YES;
				CLANG_WARN_INT_CONVERSION = YES;
				CLANG_WARN_NON_LITERAL_NULL_CONVERSION = YES;
				CLANG_WARN_OBJC_LITERAL_CONVERSION = YES;
				CLANG_WARN_OBJC_ROOT_CLASS = YES_ERROR;
				CLANG_WARN_RANGE_LOOP_ANALYSIS = YES;
				CLANG_WARN_STRICT_PROTOTYPES = YES;
				CLANG_WARN_SUSPICIOUS_MOVE = YES;
				CLANG_WARN_UNGUARDED_AVAILABILITY = YES_AGGRESSIVE;
				CLANG_WARN_UNREACHABLE_CODE = YES;
				CLANG_WARN__DUPLICATE_METHOD_MATCH = YES;
				CODE_SIGN_IDENTITY = "iPhone Developer";
				COPY_PHASE_STRIP = NO;
				DEBUG_INFORMATION_FORMAT = "dwarf-with-dsym";
				ENABLE_NS_ASSERTIONS = NO;
				ENABLE_STRICT_OBJC_MSGSEND = YES;
				GCC_C_LANGUAGE_STANDARD = gnu11;
				GCC_NO_COMMON_BLOCKS = YES;
				GCC_WARN_64_TO_32_BIT_CONVERSION = YES;
				GCC_WARN_ABOUT_RETURN_TYPE = YES_ERROR;
				GCC_WARN_UNDECLARED_SELECTOR = YES;
				GCC_WARN_UNINITIALIZED_AUTOS = YES_AGGRESSIVE;
				GCC_WARN_UNUSED_FUNCTION = YES;
				GCC_WARN_UNUSED_VARIABLE = YES;
				IPHONEOS_DEPLOYMENT_TARGET = 11.0;
				MTL_ENABLE_DEBUG_INFO = NO;
				SDKROOT = iphoneos;
				SWIFT_OPTIMIZATION_LEVEL = "-Owholemodule";
				VALIDATE_PRODUCT = YES;
			};
			name = Release;
		};
		10A672071FAB67120056CEC9 /* Debug */ = {
			isa = XCBuildConfiguration;
			buildSettings = {
				ASSETCATALOG_COMPILER_APPICON_NAME = AppIcon;
				CODE_SIGN_STYLE = Automatic;
				DEVELOPMENT_TEAM = H8ZPEWA7R4;
				INFOPLIST_FILE = Tipster/Info.plist;
				LD_RUNPATH_SEARCH_PATHS = "$(inherited) @executable_path/Frameworks";
				PRODUCT_BUNDLE_IDENTIFIER = KLP.Tipster;
				PRODUCT_NAME = "$(TARGET_NAME)";
				SWIFT_VERSION = 4.0;
				TARGETED_DEVICE_FAMILY = "1,2";
			};
			name = Debug;
		};
		10A672081FAB67120056CEC9 /* Release */ = {
			isa = XCBuildConfiguration;
			buildSettings = {
				ASSETCATALOG_COMPILER_APPICON_NAME = AppIcon;
				CODE_SIGN_STYLE = Automatic;
				DEVELOPMENT_TEAM = H8ZPEWA7R4;
				INFOPLIST_FILE = Tipster/Info.plist;
				LD_RUNPATH_SEARCH_PATHS = "$(inherited) @executable_path/Frameworks";
				PRODUCT_BUNDLE_IDENTIFIER = KLP.Tipster;
				PRODUCT_NAME = "$(TARGET_NAME)";
				SWIFT_VERSION = 4.0;
				TARGETED_DEVICE_FAMILY = "1,2";
			};
			name = Release;
		};
		10A6720A1FAB67120056CEC9 /* Debug */ = {
			isa = XCBuildConfiguration;
			buildSettings = {
				ALWAYS_EMBED_SWIFT_STANDARD_LIBRARIES = YES;
				BUNDLE_LOADER = "$(TEST_HOST)";
				CODE_SIGN_STYLE = Automatic;
				INFOPLIST_FILE = TipsterTests/Info.plist;
				LD_RUNPATH_SEARCH_PATHS = "$(inherited) @executable_path/Frameworks @loader_path/Frameworks";
				PRODUCT_BUNDLE_IDENTIFIER = KLP.TipsterTests;
				PRODUCT_NAME = "$(TARGET_NAME)";
				SWIFT_VERSION = 4.0;
				TARGETED_DEVICE_FAMILY = "1,2";
				TEST_HOST = "$(BUILT_PRODUCTS_DIR)/Tipster.app/Tipster";
			};
			name = Debug;
		};
		10A6720B1FAB67120056CEC9 /* Release */ = {
			isa = XCBuildConfiguration;
			buildSettings = {
				ALWAYS_EMBED_SWIFT_STANDARD_LIBRARIES = YES;
				BUNDLE_LOADER = "$(TEST_HOST)";
				CODE_SIGN_STYLE = Automatic;
				INFOPLIST_FILE = TipsterTests/Info.plist;
				LD_RUNPATH_SEARCH_PATHS = "$(inherited) @executable_path/Frameworks @loader_path/Frameworks";
				PRODUCT_BUNDLE_IDENTIFIER = KLP.TipsterTests;
				PRODUCT_NAME = "$(TARGET_NAME)";
				SWIFT_VERSION = 4.0;
				TARGETED_DEVICE_FAMILY = "1,2";
				TEST_HOST = "$(BUILT_PRODUCTS_DIR)/Tipster.app/Tipster";
			};
			name = Release;
		};
		10A6720D1FAB67120056CEC9 /* Debug */ = {
			isa = XCBuildConfiguration;
			buildSettings = {
				ALWAYS_EMBED_SWIFT_STANDARD_LIBRARIES = YES;
				CODE_SIGN_STYLE = Automatic;
				INFOPLIST_FILE = TipsterUITests/Info.plist;
				LD_RUNPATH_SEARCH_PATHS = "$(inherited) @executable_path/Frameworks @loader_path/Frameworks";
				PRODUCT_BUNDLE_IDENTIFIER = KLP.TipsterUITests;
				PRODUCT_NAME = "$(TARGET_NAME)";
				SWIFT_VERSION = 4.0;
				TARGETED_DEVICE_FAMILY = "1,2";
				TEST_TARGET_NAME = Tipster;
			};
			name = Debug;
		};
		10A6720E1FAB67120056CEC9 /* Release */ = {
			isa = XCBuildConfiguration;
			buildSettings = {
				ALWAYS_EMBED_SWIFT_STANDARD_LIBRARIES = YES;
				CODE_SIGN_STYLE = Automatic;
				INFOPLIST_FILE = TipsterUITests/Info.plist;
				LD_RUNPATH_SEARCH_PATHS = "$(inherited) @executable_path/Frameworks @loader_path/Frameworks";
				PRODUCT_BUNDLE_IDENTIFIER = KLP.TipsterUITests;
				PRODUCT_NAME = "$(TARGET_NAME)";
				SWIFT_VERSION = 4.0;
				TARGETED_DEVICE_FAMILY = "1,2";
				TEST_TARGET_NAME = Tipster;
			};
			name = Release;
		};
/* End XCBuildConfiguration section */

/* Begin XCConfigurationList section */
		10A671D91FAB67120056CEC9 /* Build configuration list for PBXProject "Tipster" */ = {
			isa = XCConfigurationList;
			buildConfigurations = (
				10A672041FAB67120056CEC9 /* Debug */,
				10A672051FAB67120056CEC9 /* Release */,
			);
			defaultConfigurationIsVisible = 0;
			defaultConfigurationName = Release;
		};
		10A672061FAB67120056CEC9 /* Build configuration list for PBXNativeTarget "Tipster" */ = {
			isa = XCConfigurationList;
			buildConfigurations = (
				10A672071FAB67120056CEC9 /* Debug */,
				10A672081FAB67120056CEC9 /* Release */,
			);
			defaultConfigurationIsVisible = 0;
			defaultConfigurationName = Release;
		};
		10A672091FAB67120056CEC9 /* Build configuration list for PBXNativeTarget "TipsterTests" */ = {
			isa = XCConfigurationList;
			buildConfigurations = (
				10A6720A1FAB67120056CEC9 /* Debug */,
				10A6720B1FAB67120056CEC9 /* Release */,
			);
			defaultConfigurationIsVisible = 0;
			defaultConfigurationName = Release;
		};
		10A6720C1FAB67120056CEC9 /* Build configuration list for PBXNativeTarget "TipsterUITests" */ = {
			isa = XCConfigurationList;
			buildConfigurations = (
				10A6720D1FAB67120056CEC9 /* Debug */,
				10A6720E1FAB67120056CEC9 /* Release */,
			);
			defaultConfigurationIsVisible = 0;
			defaultConfigurationName = Release;
		};
/* End XCConfigurationList section */
	};
	rootObject = 10A671D61FAB67120056CEC9 /* Project object */;
}
